// !$*UTF8*$!
{
	archiveVersion = 1;
	classes = {
	};
	objectVersion = 56;
	objects = {

/* Begin PBXBuildFile section */
		EE09B85A2B2D15B100EF5536 /* MyGroupTable.swift in Sources */ = {isa = PBXBuildFile; fileRef = EE09B8592B2D15B100EF5536 /* MyGroupTable.swift */; };
		EE09B85E2B2E1A1600EF5536 /* ConstructionTask.swift in Sources */ = {isa = PBXBuildFile; fileRef = EE09B85D2B2E1A1600EF5536 /* ConstructionTask.swift */; };
		EE09B8602B2E1A5600EF5536 /* TaskType.swift in Sources */ = {isa = PBXBuildFile; fileRef = EE09B85F2B2E1A5600EF5536 /* TaskType.swift */; };
		EE09B8622B2E1C1200EF5536 /* TaskStatus.swift in Sources */ = {isa = PBXBuildFile; fileRef = EE09B8612B2E1C1200EF5536 /* TaskStatus.swift */; };
		EE09B8642B2E1CAC00EF5536 /* Group.swift in Sources */ = {isa = PBXBuildFile; fileRef = EE09B8632B2E1CAC00EF5536 /* Group.swift */; };
		EE09B8662B2E1CFD00EF5536 /* Team.swift in Sources */ = {isa = PBXBuildFile; fileRef = EE09B8652B2E1CFD00EF5536 /* Team.swift */; };
		EE09B8682B2E20A800EF5536 /* Data.swift in Sources */ = {isa = PBXBuildFile; fileRef = EE09B8672B2E20A800EF5536 /* Data.swift */; };
		EE09B86A2B2E21C300EF5536 /* TeamDirector.swift in Sources */ = {isa = PBXBuildFile; fileRef = EE09B8692B2E21C300EF5536 /* TeamDirector.swift */; };
		EE09B86C2B2F20FB00EF5536 /* TasksTable.swift in Sources */ = {isa = PBXBuildFile; fileRef = EE09B86B2B2F20FB00EF5536 /* TasksTable.swift */; };
		EE09B86E2B2F28BD00EF5536 /* TasksAdminTable.swift in Sources */ = {isa = PBXBuildFile; fileRef = EE09B86D2B2F28BD00EF5536 /* TasksAdminTable.swift */; };
		EE09B8702B2F298100EF5536 /* StudentsAdminTable.swift in Sources */ = {isa = PBXBuildFile; fileRef = EE09B86F2B2F298100EF5536 /* StudentsAdminTable.swift */; };
		EE09B8722B2F36A600EF5536 /* TeamDirectorsAdminTable.swift in Sources */ = {isa = PBXBuildFile; fileRef = EE09B8712B2F36A600EF5536 /* TeamDirectorsAdminTable.swift */; };
		EE09B8742B2F3C2400EF5536 /* UsersAdminTable.swift in Sources */ = {isa = PBXBuildFile; fileRef = EE09B8732B2F3C2400EF5536 /* UsersAdminTable.swift */; };
		EE09B8762B2F3C5D00EF5536 /* User.swift in Sources */ = {isa = PBXBuildFile; fileRef = EE09B8752B2F3C5D00EF5536 /* User.swift */; };
		EE09B8782B2F567D00EF5536 /* TaskTypeAdminTable.swift in Sources */ = {isa = PBXBuildFile; fileRef = EE09B8772B2F567D00EF5536 /* TaskTypeAdminTable.swift */; };
		EE09B87A2B2F57C800EF5536 /* GroupsAdminTable.swift in Sources */ = {isa = PBXBuildFile; fileRef = EE09B8792B2F57C800EF5536 /* GroupsAdminTable.swift */; };
		EE09B87C2B2F59AC00EF5536 /* TeamsAdminTable.swift in Sources */ = {isa = PBXBuildFile; fileRef = EE09B87B2B2F59AC00EF5536 /* TeamsAdminTable.swift */; };
		EE09B87E2B2F5BA000EF5536 /* StayingInTeamAdminTable.swift in Sources */ = {isa = PBXBuildFile; fileRef = EE09B87D2B2F5BA000EF5536 /* StayingInTeamAdminTable.swift */; };
		EE09B8802B2F5C4600EF5536 /* StayingInTeam.swift in Sources */ = {isa = PBXBuildFile; fileRef = EE09B87F2B2F5C4600EF5536 /* StayingInTeam.swift */; };
		EE09B8852B2F63A200EF5536 /* EarningsOnTeamsChart.swift in Sources */ = {isa = PBXBuildFile; fileRef = EE09B8842B2F63A200EF5536 /* EarningsOnTeamsChart.swift */; };
		EE09B8882B2F6A5200EF5536 /* EarningsOnTeams.swift in Sources */ = {isa = PBXBuildFile; fileRef = EE09B8872B2F6A5200EF5536 /* EarningsOnTeams.swift */; };
		EEC65F112B2CBF3C00CF7C9C /* StudentConstructionTeamsApp.swift in Sources */ = {isa = PBXBuildFile; fileRef = EEC65F102B2CBF3C00CF7C9C /* StudentConstructionTeamsApp.swift */; };
		EEC65F132B2CBF3C00CF7C9C /* ContentView.swift in Sources */ = {isa = PBXBuildFile; fileRef = EEC65F122B2CBF3C00CF7C9C /* ContentView.swift */; };
		EEC65F152B2CBF3E00CF7C9C /* Assets.xcassets in Resources */ = {isa = PBXBuildFile; fileRef = EEC65F142B2CBF3E00CF7C9C /* Assets.xcassets */; };
		EEC65F192B2CBF3E00CF7C9C /* Preview Assets.xcassets in Resources */ = {isa = PBXBuildFile; fileRef = EEC65F182B2CBF3E00CF7C9C /* Preview Assets.xcassets */; };
		EEC65F202B2CC20600CF7C9C /* GeneralInformationView.swift in Sources */ = {isa = PBXBuildFile; fileRef = EEC65F1F2B2CC20600CF7C9C /* GeneralInformationView.swift */; };
		EEC65F222B2CC30400CF7C9C /* GeneralInformation.swift in Sources */ = {isa = PBXBuildFile; fileRef = EEC65F212B2CC30400CF7C9C /* GeneralInformation.swift */; };
		EEC65F2A2B2D02B200CF7C9C /* MyTeamTable.swift in Sources */ = {isa = PBXBuildFile; fileRef = EEC65F292B2D02B200CF7C9C /* MyTeamTable.swift */; };
		EEC65F2C2B2D02DB00CF7C9C /* Student.swift in Sources */ = {isa = PBXBuildFile; fileRef = EEC65F2B2B2D02DB00CF7C9C /* Student.swift */; };
		EEE76B692B3213AD0092CAFC /* EarningsOnMonths.swift in Sources */ = {isa = PBXBuildFile; fileRef = EEE76B682B3213AD0092CAFC /* EarningsOnMonths.swift */; };
		EEE76B6B2B3215750092CAFC /* EarningsOnMonthsChart.swift in Sources */ = {isa = PBXBuildFile; fileRef = EEE76B6A2B3215750092CAFC /* EarningsOnMonthsChart.swift */; };
		EEE76B6D2B321C370092CAFC /* CompletedTasksOnTeams.swift in Sources */ = {isa = PBXBuildFile; fileRef = EEE76B6C2B321C370092CAFC /* CompletedTasksOnTeams.swift */; };
		EEE76B6F2B321C3F0092CAFC /* CompletedTasksOnTeamsChart.swift in Sources */ = {isa = PBXBuildFile; fileRef = EEE76B6E2B321C3F0092CAFC /* CompletedTasksOnTeamsChart.swift */; };
		EEE76B712B321F440092CAFC /* CompletedTasksOnMonths.swift in Sources */ = {isa = PBXBuildFile; fileRef = EEE76B702B321F440092CAFC /* CompletedTasksOnMonths.swift */; };
		EEE76B732B321F560092CAFC /* Months.swift in Sources */ = {isa = PBXBuildFile; fileRef = EEE76B722B321F560092CAFC /* Months.swift */; };
		EEE76B782B3221C20092CAFC /* CompletedTasksOnMonthsChart.swift in Sources */ = {isa = PBXBuildFile; fileRef = EEE76B772B3221C20092CAFC /* CompletedTasksOnMonthsChart.swift */; };
		EEE76B7A2B3222D90092CAFC /* MyTeamView.swift in Sources */ = {isa = PBXBuildFile; fileRef = EEE76B792B3222D90092CAFC /* MyTeamView.swift */; };
		EEE76B7C2B325C640092CAFC /* MyGroupView.swift in Sources */ = {isa = PBXBuildFile; fileRef = EEE76B7B2B325C640092CAFC /* MyGroupView.swift */; };
		EEE76B7E2B325DEE0092CAFC /* MyEarningsView.swift in Sources */ = {isa = PBXBuildFile; fileRef = EEE76B7D2B325DEE0092CAFC /* MyEarningsView.swift */; };
		EEE76B802B32CC880092CAFC /* MyAccountView.swift in Sources */ = {isa = PBXBuildFile; fileRef = EEE76B7F2B32CC880092CAFC /* MyAccountView.swift */; };
		EEE76B822B32D98F0092CAFC /* ExitButton.swift in Sources */ = {isa = PBXBuildFile; fileRef = EEE76B812B32D98F0092CAFC /* ExitButton.swift */; };
		EEE76B842B32DA2B0092CAFC /* ChangeButton.swift in Sources */ = {isa = PBXBuildFile; fileRef = EEE76B832B32DA2B0092CAFC /* ChangeButton.swift */; };
		EEE76B862B32EFD20092CAFC /* TasksView.swift in Sources */ = {isa = PBXBuildFile; fileRef = EEE76B852B32EFD20092CAFC /* TasksView.swift */; };
		EEE76B882B331B1A0092CAFC /* CurrentTasksView.swift in Sources */ = {isa = PBXBuildFile; fileRef = EEE76B872B331B1A0092CAFC /* CurrentTasksView.swift */; };
		EEE76B942B3376CD0092CAFC /* StudentMainView.swift in Sources */ = {isa = PBXBuildFile; fileRef = EEE76B932B3376CD0092CAFC /* StudentMainView.swift */; };
		EEE76B992B34808A0092CAFC /* Service.swift in Sources */ = {isa = PBXBuildFile; fileRef = EEE76B982B34808A0092CAFC /* Service.swift */; };
		EEE76BC82B34D5F90092CAFC /* PostgresClientKit in Frameworks */ = {isa = PBXBuildFile; productRef = EEE76BC72B34D5F90092CAFC /* PostgresClientKit */; };
		EEEB9CC32B497B070018B210 /* RegisterView.swift in Sources */ = {isa = PBXBuildFile; fileRef = EEEB9CC22B497B070018B210 /* RegisterView.swift */; };
		EEEB9CC62B49B2E90018B210 /* Session.swift in Sources */ = {isa = PBXBuildFile; fileRef = EEEB9CC52B49B2E90018B210 /* Session.swift */; };
		EEEB9CC82B49B4FE0018B210 /* AdminMainView.swift in Sources */ = {isa = PBXBuildFile; fileRef = EEEB9CC72B49B4FE0018B210 /* AdminMainView.swift */; };
		EEEB9CCA2B49B50D0018B210 /* TeamDirectorMainView.swift in Sources */ = {isa = PBXBuildFile; fileRef = EEEB9CC92B49B50D0018B210 /* TeamDirectorMainView.swift */; };
		EEEB9CCD2B49B8380018B210 /* AuthorizationButton.swift in Sources */ = {isa = PBXBuildFile; fileRef = EEEB9CCC2B49B8380018B210 /* AuthorizationButton.swift */; };
		EEEB9CD12B4A1A590018B210 /* UserProtocol.swift in Sources */ = {isa = PBXBuildFile; fileRef = EEEB9CD02B4A1A590018B210 /* UserProtocol.swift */; };
		EEEB9CD52B4B4DEB0018B210 /* Extensions.swift in Sources */ = {isa = PBXBuildFile; fileRef = EEEB9CD42B4B4DEB0018B210 /* Extensions.swift */; };
		EEEB9CD72B4B5A230018B210 /* Role.swift in Sources */ = {isa = PBXBuildFile; fileRef = EEEB9CD62B4B5A230018B210 /* Role.swift */; };
		EEEB9CD92B4B634E0018B210 /* AccountViewInSidebar.swift in Sources */ = {isa = PBXBuildFile; fileRef = EEEB9CD82B4B634E0018B210 /* AccountViewInSidebar.swift */; };
		EEEB9CDB2B5018570018B210 /* UserType.swift in Sources */ = {isa = PBXBuildFile; fileRef = EEEB9CDA2B5018570018B210 /* UserType.swift */; };
		EEFE7FDC2B472967001A2E26 /* LoginView.swift in Sources */ = {isa = PBXBuildFile; fileRef = EEFE7FDB2B472967001A2E26 /* LoginView.swift */; };
/* End PBXBuildFile section */

/* Begin PBXFileReference section */
		EE09B8592B2D15B100EF5536 /* MyGroupTable.swift */ = {isa = PBXFileReference; lastKnownFileType = sourcecode.swift; path = MyGroupTable.swift; sourceTree = "<group>"; };
		EE09B85D2B2E1A1600EF5536 /* ConstructionTask.swift */ = {isa = PBXFileReference; lastKnownFileType = sourcecode.swift; path = ConstructionTask.swift; sourceTree = "<group>"; };
		EE09B85F2B2E1A5600EF5536 /* TaskType.swift */ = {isa = PBXFileReference; lastKnownFileType = sourcecode.swift; path = TaskType.swift; sourceTree = "<group>"; };
		EE09B8612B2E1C1200EF5536 /* TaskStatus.swift */ = {isa = PBXFileReference; lastKnownFileType = sourcecode.swift; path = TaskStatus.swift; sourceTree = "<group>"; };
		EE09B8632B2E1CAC00EF5536 /* Group.swift */ = {isa = PBXFileReference; lastKnownFileType = sourcecode.swift; path = Group.swift; sourceTree = "<group>"; };
		EE09B8652B2E1CFD00EF5536 /* Team.swift */ = {isa = PBXFileReference; lastKnownFileType = sourcecode.swift; path = Team.swift; sourceTree = "<group>"; };
		EE09B8672B2E20A800EF5536 /* Data.swift */ = {isa = PBXFileReference; lastKnownFileType = sourcecode.swift; path = Data.swift; sourceTree = "<group>"; };
		EE09B8692B2E21C300EF5536 /* TeamDirector.swift */ = {isa = PBXFileReference; lastKnownFileType = sourcecode.swift; path = TeamDirector.swift; sourceTree = "<group>"; };
		EE09B86B2B2F20FB00EF5536 /* TasksTable.swift */ = {isa = PBXFileReference; lastKnownFileType = sourcecode.swift; path = TasksTable.swift; sourceTree = "<group>"; };
		EE09B86D2B2F28BD00EF5536 /* TasksAdminTable.swift */ = {isa = PBXFileReference; lastKnownFileType = sourcecode.swift; path = TasksAdminTable.swift; sourceTree = "<group>"; };
		EE09B86F2B2F298100EF5536 /* StudentsAdminTable.swift */ = {isa = PBXFileReference; lastKnownFileType = sourcecode.swift; path = StudentsAdminTable.swift; sourceTree = "<group>"; };
		EE09B8712B2F36A600EF5536 /* TeamDirectorsAdminTable.swift */ = {isa = PBXFileReference; lastKnownFileType = sourcecode.swift; path = TeamDirectorsAdminTable.swift; sourceTree = "<group>"; };
		EE09B8732B2F3C2400EF5536 /* UsersAdminTable.swift */ = {isa = PBXFileReference; lastKnownFileType = sourcecode.swift; path = UsersAdminTable.swift; sourceTree = "<group>"; };
		EE09B8752B2F3C5D00EF5536 /* User.swift */ = {isa = PBXFileReference; lastKnownFileType = sourcecode.swift; path = User.swift; sourceTree = "<group>"; };
		EE09B8772B2F567D00EF5536 /* TaskTypeAdminTable.swift */ = {isa = PBXFileReference; lastKnownFileType = sourcecode.swift; path = TaskTypeAdminTable.swift; sourceTree = "<group>"; };
		EE09B8792B2F57C800EF5536 /* GroupsAdminTable.swift */ = {isa = PBXFileReference; lastKnownFileType = sourcecode.swift; path = GroupsAdminTable.swift; sourceTree = "<group>"; };
		EE09B87B2B2F59AC00EF5536 /* TeamsAdminTable.swift */ = {isa = PBXFileReference; lastKnownFileType = sourcecode.swift; path = TeamsAdminTable.swift; sourceTree = "<group>"; };
		EE09B87D2B2F5BA000EF5536 /* StayingInTeamAdminTable.swift */ = {isa = PBXFileReference; lastKnownFileType = sourcecode.swift; path = StayingInTeamAdminTable.swift; sourceTree = "<group>"; };
		EE09B87F2B2F5C4600EF5536 /* StayingInTeam.swift */ = {isa = PBXFileReference; lastKnownFileType = sourcecode.swift; path = StayingInTeam.swift; sourceTree = "<group>"; };
		EE09B8842B2F63A200EF5536 /* EarningsOnTeamsChart.swift */ = {isa = PBXFileReference; lastKnownFileType = sourcecode.swift; path = EarningsOnTeamsChart.swift; sourceTree = "<group>"; };
		EE09B8872B2F6A5200EF5536 /* EarningsOnTeams.swift */ = {isa = PBXFileReference; lastKnownFileType = sourcecode.swift; path = EarningsOnTeams.swift; sourceTree = "<group>"; };
		EEC65F0D2B2CBF3C00CF7C9C /* StudentConstructionTeams.app */ = {isa = PBXFileReference; explicitFileType = wrapper.application; includeInIndex = 0; path = StudentConstructionTeams.app; sourceTree = BUILT_PRODUCTS_DIR; };
		EEC65F102B2CBF3C00CF7C9C /* StudentConstructionTeamsApp.swift */ = {isa = PBXFileReference; lastKnownFileType = sourcecode.swift; path = StudentConstructionTeamsApp.swift; sourceTree = "<group>"; };
		EEC65F122B2CBF3C00CF7C9C /* ContentView.swift */ = {isa = PBXFileReference; lastKnownFileType = sourcecode.swift; path = ContentView.swift; sourceTree = "<group>"; };
		EEC65F142B2CBF3E00CF7C9C /* Assets.xcassets */ = {isa = PBXFileReference; lastKnownFileType = folder.assetcatalog; path = Assets.xcassets; sourceTree = "<group>"; };
		EEC65F162B2CBF3E00CF7C9C /* StudentConstructionTeams.entitlements */ = {isa = PBXFileReference; lastKnownFileType = text.plist.entitlements; path = StudentConstructionTeams.entitlements; sourceTree = "<group>"; };
		EEC65F182B2CBF3E00CF7C9C /* Preview Assets.xcassets */ = {isa = PBXFileReference; lastKnownFileType = folder.assetcatalog; path = "Preview Assets.xcassets"; sourceTree = "<group>"; };
		EEC65F1F2B2CC20600CF7C9C /* GeneralInformationView.swift */ = {isa = PBXFileReference; lastKnownFileType = sourcecode.swift; path = GeneralInformationView.swift; sourceTree = "<group>"; };
		EEC65F212B2CC30400CF7C9C /* GeneralInformation.swift */ = {isa = PBXFileReference; lastKnownFileType = sourcecode.swift; path = GeneralInformation.swift; sourceTree = "<group>"; };
		EEC65F292B2D02B200CF7C9C /* MyTeamTable.swift */ = {isa = PBXFileReference; lastKnownFileType = sourcecode.swift; path = MyTeamTable.swift; sourceTree = "<group>"; };
		EEC65F2B2B2D02DB00CF7C9C /* Student.swift */ = {isa = PBXFileReference; lastKnownFileType = sourcecode.swift; path = Student.swift; sourceTree = "<group>"; };
		EEE76B682B3213AD0092CAFC /* EarningsOnMonths.swift */ = {isa = PBXFileReference; lastKnownFileType = sourcecode.swift; path = EarningsOnMonths.swift; sourceTree = "<group>"; };
		EEE76B6A2B3215750092CAFC /* EarningsOnMonthsChart.swift */ = {isa = PBXFileReference; lastKnownFileType = sourcecode.swift; path = EarningsOnMonthsChart.swift; sourceTree = "<group>"; };
		EEE76B6C2B321C370092CAFC /* CompletedTasksOnTeams.swift */ = {isa = PBXFileReference; lastKnownFileType = sourcecode.swift; path = CompletedTasksOnTeams.swift; sourceTree = "<group>"; };
		EEE76B6E2B321C3F0092CAFC /* CompletedTasksOnTeamsChart.swift */ = {isa = PBXFileReference; lastKnownFileType = sourcecode.swift; path = CompletedTasksOnTeamsChart.swift; sourceTree = "<group>"; };
		EEE76B702B321F440092CAFC /* CompletedTasksOnMonths.swift */ = {isa = PBXFileReference; lastKnownFileType = sourcecode.swift; path = CompletedTasksOnMonths.swift; sourceTree = "<group>"; };
		EEE76B722B321F560092CAFC /* Months.swift */ = {isa = PBXFileReference; lastKnownFileType = sourcecode.swift; path = Months.swift; sourceTree = "<group>"; };
		EEE76B772B3221C20092CAFC /* CompletedTasksOnMonthsChart.swift */ = {isa = PBXFileReference; lastKnownFileType = sourcecode.swift; path = CompletedTasksOnMonthsChart.swift; sourceTree = "<group>"; };
		EEE76B792B3222D90092CAFC /* MyTeamView.swift */ = {isa = PBXFileReference; lastKnownFileType = sourcecode.swift; path = MyTeamView.swift; sourceTree = "<group>"; };
		EEE76B7B2B325C640092CAFC /* MyGroupView.swift */ = {isa = PBXFileReference; lastKnownFileType = sourcecode.swift; path = MyGroupView.swift; sourceTree = "<group>"; };
		EEE76B7D2B325DEE0092CAFC /* MyEarningsView.swift */ = {isa = PBXFileReference; lastKnownFileType = sourcecode.swift; path = MyEarningsView.swift; sourceTree = "<group>"; };
		EEE76B7F2B32CC880092CAFC /* MyAccountView.swift */ = {isa = PBXFileReference; lastKnownFileType = sourcecode.swift; path = MyAccountView.swift; sourceTree = "<group>"; };
		EEE76B812B32D98F0092CAFC /* ExitButton.swift */ = {isa = PBXFileReference; lastKnownFileType = sourcecode.swift; path = ExitButton.swift; sourceTree = "<group>"; };
		EEE76B832B32DA2B0092CAFC /* ChangeButton.swift */ = {isa = PBXFileReference; lastKnownFileType = sourcecode.swift; path = ChangeButton.swift; sourceTree = "<group>"; };
		EEE76B852B32EFD20092CAFC /* TasksView.swift */ = {isa = PBXFileReference; lastKnownFileType = sourcecode.swift; path = TasksView.swift; sourceTree = "<group>"; };
		EEE76B872B331B1A0092CAFC /* CurrentTasksView.swift */ = {isa = PBXFileReference; lastKnownFileType = sourcecode.swift; path = CurrentTasksView.swift; sourceTree = "<group>"; };
		EEE76B932B3376CD0092CAFC /* StudentMainView.swift */ = {isa = PBXFileReference; lastKnownFileType = sourcecode.swift; path = StudentMainView.swift; sourceTree = "<group>"; };
		EEE76B982B34808A0092CAFC /* Service.swift */ = {isa = PBXFileReference; lastKnownFileType = sourcecode.swift; path = Service.swift; sourceTree = "<group>"; };
		EEEB9CC22B497B070018B210 /* RegisterView.swift */ = {isa = PBXFileReference; lastKnownFileType = sourcecode.swift; path = RegisterView.swift; sourceTree = "<group>"; };
		EEEB9CC52B49B2E90018B210 /* Session.swift */ = {isa = PBXFileReference; lastKnownFileType = sourcecode.swift; path = Session.swift; sourceTree = "<group>"; };
		EEEB9CC72B49B4FE0018B210 /* AdminMainView.swift */ = {isa = PBXFileReference; lastKnownFileType = sourcecode.swift; path = AdminMainView.swift; sourceTree = "<group>"; };
		EEEB9CC92B49B50D0018B210 /* TeamDirectorMainView.swift */ = {isa = PBXFileReference; lastKnownFileType = sourcecode.swift; path = TeamDirectorMainView.swift; sourceTree = "<group>"; };
		EEEB9CCC2B49B8380018B210 /* AuthorizationButton.swift */ = {isa = PBXFileReference; lastKnownFileType = sourcecode.swift; path = AuthorizationButton.swift; sourceTree = "<group>"; };
		EEEB9CD02B4A1A590018B210 /* UserProtocol.swift */ = {isa = PBXFileReference; lastKnownFileType = sourcecode.swift; path = UserProtocol.swift; sourceTree = "<group>"; };
		EEEB9CD42B4B4DEB0018B210 /* Extensions.swift */ = {isa = PBXFileReference; lastKnownFileType = sourcecode.swift; path = Extensions.swift; sourceTree = "<group>"; };
		EEEB9CD62B4B5A230018B210 /* Role.swift */ = {isa = PBXFileReference; lastKnownFileType = sourcecode.swift; path = Role.swift; sourceTree = "<group>"; };
		EEEB9CD82B4B634E0018B210 /* AccountViewInSidebar.swift */ = {isa = PBXFileReference; lastKnownFileType = sourcecode.swift; path = AccountViewInSidebar.swift; sourceTree = "<group>"; };
		EEEB9CDA2B5018570018B210 /* UserType.swift */ = {isa = PBXFileReference; lastKnownFileType = sourcecode.swift; path = UserType.swift; sourceTree = "<group>"; };
		EEFE7FDB2B472967001A2E26 /* LoginView.swift */ = {isa = PBXFileReference; lastKnownFileType = sourcecode.swift; path = LoginView.swift; sourceTree = "<group>"; };
/* End PBXFileReference section */

/* Begin PBXFrameworksBuildPhase section */
		EEC65F0A2B2CBF3C00CF7C9C /* Frameworks */ = {
			isa = PBXFrameworksBuildPhase;
			buildActionMask = 2147483647;
			files = (
				EEE76BC82B34D5F90092CAFC /* PostgresClientKit in Frameworks */,
			);
			runOnlyForDeploymentPostprocessing = 0;
		};
/* End PBXFrameworksBuildPhase section */

/* Begin PBXGroup section */
		EE09B8862B2F691300EF5536 /* Charts */ = {
			isa = PBXGroup;
			children = (
				EE09B8842B2F63A200EF5536 /* EarningsOnTeamsChart.swift */,
				EEE76B6A2B3215750092CAFC /* EarningsOnMonthsChart.swift */,
				EEE76B6E2B321C3F0092CAFC /* CompletedTasksOnTeamsChart.swift */,
				EEE76B772B3221C20092CAFC /* CompletedTasksOnMonthsChart.swift */,
				EEE76B762B3221700092CAFC /* Models */,
			);
			path = Charts;
			sourceTree = "<group>";
		};
		EEC65F042B2CBF3C00CF7C9C = {
			isa = PBXGroup;
			children = (
				EEC65F0F2B2CBF3C00CF7C9C /* StudentConstructionTeams */,
				EEC65F0E2B2CBF3C00CF7C9C /* Products */,
			);
			sourceTree = "<group>";
		};
		EEC65F0E2B2CBF3C00CF7C9C /* Products */ = {
			isa = PBXGroup;
			children = (
				EEC65F0D2B2CBF3C00CF7C9C /* StudentConstructionTeams.app */,
			);
			name = Products;
			sourceTree = "<group>";
		};
		EEC65F0F2B2CBF3C00CF7C9C /* StudentConstructionTeams */ = {
			isa = PBXGroup;
			children = (
				EEC65F102B2CBF3C00CF7C9C /* StudentConstructionTeamsApp.swift */,
				EEC65F122B2CBF3C00CF7C9C /* ContentView.swift */,
				EEEB9CC42B497B160018B210 /* Authorization */,
				EEEB9CCB2B49B52B0018B210 /* MainViews */,
				EE09B8672B2E20A800EF5536 /* Data.swift */,
				EEE76B982B34808A0092CAFC /* Service.swift */,
				EEEB9CD82B4B634E0018B210 /* AccountViewInSidebar.swift */,
				EEE76B792B3222D90092CAFC /* MyTeamView.swift */,
				EEEB9CD42B4B4DEB0018B210 /* Extensions.swift */,
				EEEB9CC52B49B2E90018B210 /* Session.swift */,
				EEE76B7B2B325C640092CAFC /* MyGroupView.swift */,
				EEE76B7D2B325DEE0092CAFC /* MyEarningsView.swift */,
				EEE76B7F2B32CC880092CAFC /* MyAccountView.swift */,
				EEE76B832B32DA2B0092CAFC /* ChangeButton.swift */,
				EEE76B852B32EFD20092CAFC /* TasksView.swift */,
				EEE76B872B331B1A0092CAFC /* CurrentTasksView.swift */,
				EEC65F1F2B2CC20600CF7C9C /* GeneralInformationView.swift */,
				EE09B8862B2F691300EF5536 /* Charts */,
				EEC65F262B2CF88700CF7C9C /* TableViews */,
				EEC65F252B2CCCB000CF7C9C /* Models */,
				EEC65F142B2CBF3E00CF7C9C /* Assets.xcassets */,
				EEC65F162B2CBF3E00CF7C9C /* StudentConstructionTeams.entitlements */,
				EEC65F172B2CBF3E00CF7C9C /* Preview Content */,
			);
			path = StudentConstructionTeams;
			sourceTree = "<group>";
		};
		EEC65F172B2CBF3E00CF7C9C /* Preview Content */ = {
			isa = PBXGroup;
			children = (
				EEC65F182B2CBF3E00CF7C9C /* Preview Assets.xcassets */,
			);
			path = "Preview Content";
			sourceTree = "<group>";
		};
		EEC65F252B2CCCB000CF7C9C /* Models */ = {
			isa = PBXGroup;
			children = (
				EEEB9CD62B4B5A230018B210 /* Role.swift */,
				EEEB9CDA2B5018570018B210 /* UserType.swift */,
				EEC65F212B2CC30400CF7C9C /* GeneralInformation.swift */,
				EEC65F2B2B2D02DB00CF7C9C /* Student.swift */,
				EE09B8632B2E1CAC00EF5536 /* Group.swift */,
				EE09B85F2B2E1A5600EF5536 /* TaskType.swift */,
				EE09B85D2B2E1A1600EF5536 /* ConstructionTask.swift */,
				EE09B8752B2F3C5D00EF5536 /* User.swift */,
				EEEB9CD02B4A1A590018B210 /* UserProtocol.swift */,
				EE09B8652B2E1CFD00EF5536 /* Team.swift */,
				EE09B8612B2E1C1200EF5536 /* TaskStatus.swift */,
				EE09B8692B2E21C300EF5536 /* TeamDirector.swift */,
				EE09B87F2B2F5C4600EF5536 /* StayingInTeam.swift */,
			);
			path = Models;
			sourceTree = "<group>";
		};
		EEC65F262B2CF88700CF7C9C /* TableViews */ = {
			isa = PBXGroup;
			children = (
				EEC65F292B2D02B200CF7C9C /* MyTeamTable.swift */,
				EE09B8592B2D15B100EF5536 /* MyGroupTable.swift */,
				EE09B86B2B2F20FB00EF5536 /* TasksTable.swift */,
				EE09B86F2B2F298100EF5536 /* StudentsAdminTable.swift */,
				EE09B8712B2F36A600EF5536 /* TeamDirectorsAdminTable.swift */,
				EE09B8732B2F3C2400EF5536 /* UsersAdminTable.swift */,
				EE09B86D2B2F28BD00EF5536 /* TasksAdminTable.swift */,
				EE09B8772B2F567D00EF5536 /* TaskTypeAdminTable.swift */,
				EE09B8792B2F57C800EF5536 /* GroupsAdminTable.swift */,
				EE09B87B2B2F59AC00EF5536 /* TeamsAdminTable.swift */,
				EE09B87D2B2F5BA000EF5536 /* StayingInTeamAdminTable.swift */,
			);
			path = TableViews;
			sourceTree = "<group>";
		};
		EEE76B762B3221700092CAFC /* Models */ = {
			isa = PBXGroup;
			children = (
				EEE76B6C2B321C370092CAFC /* CompletedTasksOnTeams.swift */,
				EEE76B682B3213AD0092CAFC /* EarningsOnMonths.swift */,
				EEE76B702B321F440092CAFC /* CompletedTasksOnMonths.swift */,
				EEE76B722B321F560092CAFC /* Months.swift */,
				EE09B8872B2F6A5200EF5536 /* EarningsOnTeams.swift */,
			);
			path = Models;
			sourceTree = "<group>";
		};
		EEEB9CC42B497B160018B210 /* Authorization */ = {
			isa = PBXGroup;
			children = (
				EEFE7FDB2B472967001A2E26 /* LoginView.swift */,
				EEEB9CCC2B49B8380018B210 /* AuthorizationButton.swift */,
				EEEB9CC22B497B070018B210 /* RegisterView.swift */,
				EEE76B812B32D98F0092CAFC /* ExitButton.swift */,
			);
			path = Authorization;
			sourceTree = "<group>";
		};
		EEEB9CCB2B49B52B0018B210 /* MainViews */ = {
			isa = PBXGroup;
			children = (
				EEEB9CC92B49B50D0018B210 /* TeamDirectorMainView.swift */,
				EEEB9CC72B49B4FE0018B210 /* AdminMainView.swift */,
				EEE76B932B3376CD0092CAFC /* StudentMainView.swift */,
			);
			path = MainViews;
			sourceTree = "<group>";
		};
/* End PBXGroup section */

/* Begin PBXNativeTarget section */
		EEC65F0C2B2CBF3C00CF7C9C /* StudentConstructionTeams */ = {
			isa = PBXNativeTarget;
			buildConfigurationList = EEC65F1C2B2CBF3E00CF7C9C /* Build configuration list for PBXNativeTarget "StudentConstructionTeams" */;
			buildPhases = (
				EEC65F092B2CBF3C00CF7C9C /* Sources */,
				EEC65F0A2B2CBF3C00CF7C9C /* Frameworks */,
				EEC65F0B2B2CBF3C00CF7C9C /* Resources */,
			);
			buildRules = (
			);
			dependencies = (
			);
			name = StudentConstructionTeams;
			packageProductDependencies = (
				EEE76BC72B34D5F90092CAFC /* PostgresClientKit */,
			);
			productName = StudentConstructionTeams;
			productReference = EEC65F0D2B2CBF3C00CF7C9C /* StudentConstructionTeams.app */;
			productType = "com.apple.product-type.application";
		};
/* End PBXNativeTarget section */

/* Begin PBXProject section */
		EEC65F052B2CBF3C00CF7C9C /* Project object */ = {
			isa = PBXProject;
			attributes = {
				BuildIndependentTargetsInParallel = 1;
				LastSwiftUpdateCheck = 1510;
				LastUpgradeCheck = 1510;
				TargetAttributes = {
					EEC65F0C2B2CBF3C00CF7C9C = {
						CreatedOnToolsVersion = 15.1;
					};
				};
			};
			buildConfigurationList = EEC65F082B2CBF3C00CF7C9C /* Build configuration list for PBXProject "StudentConstructionTeams" */;
			compatibilityVersion = "Xcode 14.0";
			developmentRegion = en;
			hasScannedForEncodings = 0;
			knownRegions = (
				en,
				Base,
			);
			mainGroup = EEC65F042B2CBF3C00CF7C9C;
			packageReferences = (
				EEE76BC62B34D5F90092CAFC /* XCRemoteSwiftPackageReference "PostgresClientKit" */,
			);
			productRefGroup = EEC65F0E2B2CBF3C00CF7C9C /* Products */;
			projectDirPath = "";
			projectRoot = "";
			targets = (
				EEC65F0C2B2CBF3C00CF7C9C /* StudentConstructionTeams */,
			);
		};
/* End PBXProject section */

/* Begin PBXResourcesBuildPhase section */
		EEC65F0B2B2CBF3C00CF7C9C /* Resources */ = {
			isa = PBXResourcesBuildPhase;
			buildActionMask = 2147483647;
			files = (
				EEC65F192B2CBF3E00CF7C9C /* Preview Assets.xcassets in Resources */,
				EEC65F152B2CBF3E00CF7C9C /* Assets.xcassets in Resources */,
			);
			runOnlyForDeploymentPostprocessing = 0;
		};
/* End PBXResourcesBuildPhase section */

/* Begin PBXSourcesBuildPhase section */
		EEC65F092B2CBF3C00CF7C9C /* Sources */ = {
			isa = PBXSourcesBuildPhase;
			buildActionMask = 2147483647;
			files = (
				EEC65F202B2CC20600CF7C9C /* GeneralInformationView.swift in Sources */,
				EEEB9CDB2B5018570018B210 /* UserType.swift in Sources */,
				EEE76B6F2B321C3F0092CAFC /* CompletedTasksOnTeamsChart.swift in Sources */,
				EE09B87C2B2F59AC00EF5536 /* TeamsAdminTable.swift in Sources */,
				EEC65F132B2CBF3C00CF7C9C /* ContentView.swift in Sources */,
				EE09B8662B2E1CFD00EF5536 /* Team.swift in Sources */,
				EE09B8602B2E1A5600EF5536 /* TaskType.swift in Sources */,
				EE09B8642B2E1CAC00EF5536 /* Group.swift in Sources */,
				EEEB9CCA2B49B50D0018B210 /* TeamDirectorMainView.swift in Sources */,
				EE09B8782B2F567D00EF5536 /* TaskTypeAdminTable.swift in Sources */,
				EEC65F112B2CBF3C00CF7C9C /* StudentConstructionTeamsApp.swift in Sources */,
				EEEB9CC32B497B070018B210 /* RegisterView.swift in Sources */,
				EEEB9CCD2B49B8380018B210 /* AuthorizationButton.swift in Sources */,
				EEE76B882B331B1A0092CAFC /* CurrentTasksView.swift in Sources */,
				EE09B86A2B2E21C300EF5536 /* TeamDirector.swift in Sources */,
				EEC65F222B2CC30400CF7C9C /* GeneralInformation.swift in Sources */,
				EE09B8682B2E20A800EF5536 /* Data.swift in Sources */,
				EEE76B862B32EFD20092CAFC /* TasksView.swift in Sources */,
				EE09B86C2B2F20FB00EF5536 /* TasksTable.swift in Sources */,
				EEE76B6B2B3215750092CAFC /* EarningsOnMonthsChart.swift in Sources */,
				EEE76B7C2B325C640092CAFC /* MyGroupView.swift in Sources */,
				EE09B86E2B2F28BD00EF5536 /* TasksAdminTable.swift in Sources */,
				EEE76B802B32CC880092CAFC /* MyAccountView.swift in Sources */,
				EEE76B992B34808A0092CAFC /* Service.swift in Sources */,
				EE09B87A2B2F57C800EF5536 /* GroupsAdminTable.swift in Sources */,
				EEE76B712B321F440092CAFC /* CompletedTasksOnMonths.swift in Sources */,
				EEEB9CD72B4B5A230018B210 /* Role.swift in Sources */,
				EEE76B822B32D98F0092CAFC /* ExitButton.swift in Sources */,
				EE09B8702B2F298100EF5536 /* StudentsAdminTable.swift in Sources */,
				EEE76B942B3376CD0092CAFC /* StudentMainView.swift in Sources */,
				EEEB9CC62B49B2E90018B210 /* Session.swift in Sources */,
				EE09B8762B2F3C5D00EF5536 /* User.swift in Sources */,
				EEE76B782B3221C20092CAFC /* CompletedTasksOnMonthsChart.swift in Sources */,
				EEEB9CD92B4B634E0018B210 /* AccountViewInSidebar.swift in Sources */,
				EEEB9CC82B49B4FE0018B210 /* AdminMainView.swift in Sources */,
				EEE76B732B321F560092CAFC /* Months.swift in Sources */,
				EEEB9CD12B4A1A590018B210 /* UserProtocol.swift in Sources */,
				EEC65F2C2B2D02DB00CF7C9C /* Student.swift in Sources */,
				EE09B8852B2F63A200EF5536 /* EarningsOnTeamsChart.swift in Sources */,
				EEE76B7E2B325DEE0092CAFC /* MyEarningsView.swift in Sources */,
				EEE76B7A2B3222D90092CAFC /* MyTeamView.swift in Sources */,
				EE09B8742B2F3C2400EF5536 /* UsersAdminTable.swift in Sources */,
				EEFE7FDC2B472967001A2E26 /* LoginView.swift in Sources */,
				EE09B8882B2F6A5200EF5536 /* EarningsOnTeams.swift in Sources */,
				EE09B8802B2F5C4600EF5536 /* StayingInTeam.swift in Sources */,
				EEE76B6D2B321C370092CAFC /* CompletedTasksOnTeams.swift in Sources */,
				EE09B85A2B2D15B100EF5536 /* MyGroupTable.swift in Sources */,
				EEE76B692B3213AD0092CAFC /* EarningsOnMonths.swift in Sources */,
				EE09B85E2B2E1A1600EF5536 /* ConstructionTask.swift in Sources */,
				EE09B8622B2E1C1200EF5536 /* TaskStatus.swift in Sources */,
				EEEB9CD52B4B4DEB0018B210 /* Extensions.swift in Sources */,
				EEC65F2A2B2D02B200CF7C9C /* MyTeamTable.swift in Sources */,
				EE09B87E2B2F5BA000EF5536 /* StayingInTeamAdminTable.swift in Sources */,
				EE09B8722B2F36A600EF5536 /* TeamDirectorsAdminTable.swift in Sources */,
				EEE76B842B32DA2B0092CAFC /* ChangeButton.swift in Sources */,
			);
			runOnlyForDeploymentPostprocessing = 0;
		};
/* End PBXSourcesBuildPhase section */

/* Begin XCBuildConfiguration section */
		EEC65F1A2B2CBF3E00CF7C9C /* Debug */ = {
			isa = XCBuildConfiguration;
			buildSettings = {
				ALWAYS_SEARCH_USER_PATHS = NO;
				ASSETCATALOG_COMPILER_GENERATE_SWIFT_ASSET_SYMBOL_EXTENSIONS = YES;
				CLANG_ANALYZER_NONNULL = YES;
				CLANG_ANALYZER_NUMBER_OBJECT_CONVERSION = YES_AGGRESSIVE;
				CLANG_CXX_LANGUAGE_STANDARD = "gnu++20";
				CLANG_ENABLE_MODULES = YES;
				CLANG_ENABLE_OBJC_ARC = YES;
				CLANG_ENABLE_OBJC_WEAK = YES;
				CLANG_WARN_BLOCK_CAPTURE_AUTORELEASING = YES;
				CLANG_WARN_BOOL_CONVERSION = YES;
				CLANG_WARN_COMMA = YES;
				CLANG_WARN_CONSTANT_CONVERSION = YES;
				CLANG_WARN_DEPRECATED_OBJC_IMPLEMENTATIONS = YES;
				CLANG_WARN_DIRECT_OBJC_ISA_USAGE = YES_ERROR;
				CLANG_WARN_DOCUMENTATION_COMMENTS = YES;
				CLANG_WARN_EMPTY_BODY = YES;
				CLANG_WARN_ENUM_CONVERSION = YES;
				CLANG_WARN_INFINITE_RECURSION = YES;
				CLANG_WARN_INT_CONVERSION = YES;
				CLANG_WARN_NON_LITERAL_NULL_CONVERSION = YES;
				CLANG_WARN_OBJC_IMPLICIT_RETAIN_SELF = YES;
				CLANG_WARN_OBJC_LITERAL_CONVERSION = YES;
				CLANG_WARN_OBJC_ROOT_CLASS = YES_ERROR;
				CLANG_WARN_QUOTED_INCLUDE_IN_FRAMEWORK_HEADER = YES;
				CLANG_WARN_RANGE_LOOP_ANALYSIS = YES;
				CLANG_WARN_STRICT_PROTOTYPES = YES;
				CLANG_WARN_SUSPICIOUS_MOVE = YES;
				CLANG_WARN_UNGUARDED_AVAILABILITY = YES_AGGRESSIVE;
				CLANG_WARN_UNREACHABLE_CODE = YES;
				CLANG_WARN__DUPLICATE_METHOD_MATCH = YES;
				COPY_PHASE_STRIP = NO;
				DEBUG_INFORMATION_FORMAT = dwarf;
				ENABLE_STRICT_OBJC_MSGSEND = YES;
				ENABLE_TESTABILITY = YES;
				ENABLE_USER_SCRIPT_SANDBOXING = YES;
				GCC_C_LANGUAGE_STANDARD = gnu17;
				GCC_DYNAMIC_NO_PIC = NO;
				GCC_NO_COMMON_BLOCKS = YES;
				GCC_OPTIMIZATION_LEVEL = 0;
				GCC_PREPROCESSOR_DEFINITIONS = (
					"DEBUG=1",
					"$(inherited)",
				);
				GCC_WARN_64_TO_32_BIT_CONVERSION = YES;
				GCC_WARN_ABOUT_RETURN_TYPE = YES_ERROR;
				GCC_WARN_UNDECLARED_SELECTOR = YES;
				GCC_WARN_UNINITIALIZED_AUTOS = YES_AGGRESSIVE;
				GCC_WARN_UNUSED_FUNCTION = YES;
				GCC_WARN_UNUSED_VARIABLE = YES;
				LOCALIZATION_PREFERS_STRING_CATALOGS = YES;
				MTL_ENABLE_DEBUG_INFO = INCLUDE_SOURCE;
				MTL_FAST_MATH = YES;
				ONLY_ACTIVE_ARCH = YES;
				SWIFT_ACTIVE_COMPILATION_CONDITIONS = "DEBUG $(inherited)";
				SWIFT_OPTIMIZATION_LEVEL = "-Onone";
				SWIFT_STRICT_CONCURRENCY = complete;
			};
			name = Debug;
		};
		EEC65F1B2B2CBF3E00CF7C9C /* Release */ = {
			isa = XCBuildConfiguration;
			buildSettings = {
				ALWAYS_SEARCH_USER_PATHS = NO;
				ASSETCATALOG_COMPILER_GENERATE_SWIFT_ASSET_SYMBOL_EXTENSIONS = YES;
				CLANG_ANALYZER_NONNULL = YES;
				CLANG_ANALYZER_NUMBER_OBJECT_CONVERSION = YES_AGGRESSIVE;
				CLANG_CXX_LANGUAGE_STANDARD = "gnu++20";
				CLANG_ENABLE_MODULES = YES;
				CLANG_ENABLE_OBJC_ARC = YES;
				CLANG_ENABLE_OBJC_WEAK = YES;
				CLANG_WARN_BLOCK_CAPTURE_AUTORELEASING = YES;
				CLANG_WARN_BOOL_CONVERSION = YES;
				CLANG_WARN_COMMA = YES;
				CLANG_WARN_CONSTANT_CONVERSION = YES;
				CLANG_WARN_DEPRECATED_OBJC_IMPLEMENTATIONS = YES;
				CLANG_WARN_DIRECT_OBJC_ISA_USAGE = YES_ERROR;
				CLANG_WARN_DOCUMENTATION_COMMENTS = YES;
				CLANG_WARN_EMPTY_BODY = YES;
				CLANG_WARN_ENUM_CONVERSION = YES;
				CLANG_WARN_INFINITE_RECURSION = YES;
				CLANG_WARN_INT_CONVERSION = YES;
				CLANG_WARN_NON_LITERAL_NULL_CONVERSION = YES;
				CLANG_WARN_OBJC_IMPLICIT_RETAIN_SELF = YES;
				CLANG_WARN_OBJC_LITERAL_CONVERSION = YES;
				CLANG_WARN_OBJC_ROOT_CLASS = YES_ERROR;
				CLANG_WARN_QUOTED_INCLUDE_IN_FRAMEWORK_HEADER = YES;
				CLANG_WARN_RANGE_LOOP_ANALYSIS = YES;
				CLANG_WARN_STRICT_PROTOTYPES = YES;
				CLANG_WARN_SUSPICIOUS_MOVE = YES;
				CLANG_WARN_UNGUARDED_AVAILABILITY = YES_AGGRESSIVE;
				CLANG_WARN_UNREACHABLE_CODE = YES;
				CLANG_WARN__DUPLICATE_METHOD_MATCH = YES;
				COPY_PHASE_STRIP = NO;
				DEBUG_INFORMATION_FORMAT = "dwarf-with-dsym";
				ENABLE_NS_ASSERTIONS = NO;
				ENABLE_STRICT_OBJC_MSGSEND = YES;
				ENABLE_USER_SCRIPT_SANDBOXING = YES;
				GCC_C_LANGUAGE_STANDARD = gnu17;
				GCC_NO_COMMON_BLOCKS = YES;
				GCC_WARN_64_TO_32_BIT_CONVERSION = YES;
				GCC_WARN_ABOUT_RETURN_TYPE = YES_ERROR;
				GCC_WARN_UNDECLARED_SELECTOR = YES;
				GCC_WARN_UNINITIALIZED_AUTOS = YES_AGGRESSIVE;
				GCC_WARN_UNUSED_FUNCTION = YES;
				GCC_WARN_UNUSED_VARIABLE = YES;
				LOCALIZATION_PREFERS_STRING_CATALOGS = YES;
				MTL_ENABLE_DEBUG_INFO = NO;
				MTL_FAST_MATH = YES;
				SWIFT_COMPILATION_MODE = wholemodule;
				SWIFT_STRICT_CONCURRENCY = complete;
			};
			name = Release;
		};
		EEC65F1D2B2CBF3E00CF7C9C /* Debug */ = {
			isa = XCBuildConfiguration;
			buildSettings = {
				ASSETCATALOG_COMPILER_APPICON_NAME = AppIcon;
				ASSETCATALOG_COMPILER_GLOBAL_ACCENT_COLOR_NAME = AccentColor;
				CODE_SIGN_ENTITLEMENTS = StudentConstructionTeams/StudentConstructionTeams.entitlements;
				CODE_SIGN_STYLE = Automatic;
				CURRENT_PROJECT_VERSION = 1;
				DEVELOPMENT_ASSET_PATHS = "\"StudentConstructionTeams/Preview Content\"";
				DEVELOPMENT_TEAM = V6R4C94Z69;
				ENABLE_HARDENED_RUNTIME = YES;
				ENABLE_PREVIEWS = YES;
				GENERATE_INFOPLIST_FILE = YES;
				"INFOPLIST_KEY_UIApplicationSceneManifest_Generation[sdk=iphoneos*]" = YES;
				"INFOPLIST_KEY_UIApplicationSceneManifest_Generation[sdk=iphonesimulator*]" = YES;
				"INFOPLIST_KEY_UIApplicationSupportsIndirectInputEvents[sdk=iphoneos*]" = YES;
				"INFOPLIST_KEY_UIApplicationSupportsIndirectInputEvents[sdk=iphonesimulator*]" = YES;
				"INFOPLIST_KEY_UILaunchScreen_Generation[sdk=iphoneos*]" = YES;
				"INFOPLIST_KEY_UILaunchScreen_Generation[sdk=iphonesimulator*]" = YES;
				"INFOPLIST_KEY_UIStatusBarStyle[sdk=iphoneos*]" = UIStatusBarStyleDefault;
				"INFOPLIST_KEY_UIStatusBarStyle[sdk=iphonesimulator*]" = UIStatusBarStyleDefault;
				INFOPLIST_KEY_UISupportedInterfaceOrientations_iPad = "UIInterfaceOrientationPortrait UIInterfaceOrientationPortraitUpsideDown UIInterfaceOrientationLandscapeLeft UIInterfaceOrientationLandscapeRight";
				INFOPLIST_KEY_UISupportedInterfaceOrientations_iPhone = "UIInterfaceOrientationPortrait UIInterfaceOrientationLandscapeLeft UIInterfaceOrientationLandscapeRight";
				IPHONEOS_DEPLOYMENT_TARGET = 17.2;
				LD_RUNPATH_SEARCH_PATHS = "@executable_path/Frameworks";
				"LD_RUNPATH_SEARCH_PATHS[sdk=macosx*]" = "@executable_path/../Frameworks";
				MACOSX_DEPLOYMENT_TARGET = 14.0;
				MARKETING_VERSION = 1.0;
				PRODUCT_BUNDLE_IDENTIFIER = grigorchukanastasiia.StudentConstructionTeams;
				PRODUCT_NAME = "$(TARGET_NAME)";
				SDKROOT = auto;
				SUPPORTED_PLATFORMS = "iphoneos iphonesimulator macosx";
				SWIFT_EMIT_LOC_STRINGS = YES;
				SWIFT_VERSION = 5.0;
				TARGETED_DEVICE_FAMILY = "1,2";
			};
			name = Debug;
		};
		EEC65F1E2B2CBF3E00CF7C9C /* Release */ = {
			isa = XCBuildConfiguration;
			buildSettings = {
				ASSETCATALOG_COMPILER_APPICON_NAME = AppIcon;
				ASSETCATALOG_COMPILER_GLOBAL_ACCENT_COLOR_NAME = AccentColor;
				CODE_SIGN_ENTITLEMENTS = StudentConstructionTeams/StudentConstructionTeams.entitlements;
				CODE_SIGN_STYLE = Automatic;
				CURRENT_PROJECT_VERSION = 1;
				DEVELOPMENT_ASSET_PATHS = "\"StudentConstructionTeams/Preview Content\"";
				DEVELOPMENT_TEAM = V6R4C94Z69;
				ENABLE_HARDENED_RUNTIME = YES;
				ENABLE_PREVIEWS = YES;
				GENERATE_INFOPLIST_FILE = YES;
				"INFOPLIST_KEY_UIApplicationSceneManifest_Generation[sdk=iphoneos*]" = YES;
				"INFOPLIST_KEY_UIApplicationSceneManifest_Generation[sdk=iphonesimulator*]" = YES;
				"INFOPLIST_KEY_UIApplicationSupportsIndirectInputEvents[sdk=iphoneos*]" = YES;
				"INFOPLIST_KEY_UIApplicationSupportsIndirectInputEvents[sdk=iphonesimulator*]" = YES;
				"INFOPLIST_KEY_UILaunchScreen_Generation[sdk=iphoneos*]" = YES;
				"INFOPLIST_KEY_UILaunchScreen_Generation[sdk=iphonesimulator*]" = YES;
				"INFOPLIST_KEY_UIStatusBarStyle[sdk=iphoneos*]" = UIStatusBarStyleDefault;
				"INFOPLIST_KEY_UIStatusBarStyle[sdk=iphonesimulator*]" = UIStatusBarStyleDefault;
				INFOPLIST_KEY_UISupportedInterfaceOrientations_iPad = "UIInterfaceOrientationPortrait UIInterfaceOrientationPortraitUpsideDown UIInterfaceOrientationLandscapeLeft UIInterfaceOrientationLandscapeRight";
				INFOPLIST_KEY_UISupportedInterfaceOrientations_iPhone = "UIInterfaceOrientationPortrait UIInterfaceOrientationLandscapeLeft UIInterfaceOrientationLandscapeRight";
				IPHONEOS_DEPLOYMENT_TARGET = 17.2;
				LD_RUNPATH_SEARCH_PATHS = "@executable_path/Frameworks";
				"LD_RUNPATH_SEARCH_PATHS[sdk=macosx*]" = "@executable_path/../Frameworks";
				MACOSX_DEPLOYMENT_TARGET = 14.0;
				MARKETING_VERSION = 1.0;
				PRODUCT_BUNDLE_IDENTIFIER = grigorchukanastasiia.StudentConstructionTeams;
				PRODUCT_NAME = "$(TARGET_NAME)";
				SDKROOT = auto;
				SUPPORTED_PLATFORMS = "iphoneos iphonesimulator macosx";
				SWIFT_EMIT_LOC_STRINGS = YES;
				SWIFT_VERSION = 5.0;
				TARGETED_DEVICE_FAMILY = "1,2";
			};
			name = Release;
		};
/* End XCBuildConfiguration section */

/* Begin XCConfigurationList section */
		EEC65F082B2CBF3C00CF7C9C /* Build configuration list for PBXProject "StudentConstructionTeams" */ = {
			isa = XCConfigurationList;
			buildConfigurations = (
				EEC65F1A2B2CBF3E00CF7C9C /* Debug */,
				EEC65F1B2B2CBF3E00CF7C9C /* Release */,
			);
			defaultConfigurationIsVisible = 0;
			defaultConfigurationName = Release;
		};
		EEC65F1C2B2CBF3E00CF7C9C /* Build configuration list for PBXNativeTarget "StudentConstructionTeams" */ = {
			isa = XCConfigurationList;
			buildConfigurations = (
				EEC65F1D2B2CBF3E00CF7C9C /* Debug */,
				EEC65F1E2B2CBF3E00CF7C9C /* Release */,
			);
			defaultConfigurationIsVisible = 0;
			defaultConfigurationName = Release;
		};
/* End XCConfigurationList section */

/* Begin XCRemoteSwiftPackageReference section */
		EEE76BC62B34D5F90092CAFC /* XCRemoteSwiftPackageReference "PostgresClientKit" */ = {
			isa = XCRemoteSwiftPackageReference;
			repositoryURL = "https://github.com/codewinsdotcom/PostgresClientKit.git";
			requirement = {
				branch = master;
				kind = branch;
			};
		};
/* End XCRemoteSwiftPackageReference section */

/* Begin XCSwiftPackageProductDependency section */
		EEE76BC72B34D5F90092CAFC /* PostgresClientKit */ = {
			isa = XCSwiftPackageProductDependency;
			package = EEE76BC62B34D5F90092CAFC /* XCRemoteSwiftPackageReference "PostgresClientKit" */;
			productName = PostgresClientKit;
		};
/* End XCSwiftPackageProductDependency section */
	};
	rootObject = EEC65F052B2CBF3C00CF7C9C /* Project object */;
}
